
Microsoft Visual Studio Solution File, Format Version 12.00
# Visual Studio Version 16
VisualStudioVersion = 16.0.808.7
MinimumVisualStudioVersion = 10.0.40219.1
Project("{FAE04EC0-301F-11D3-BF4B-00C04F79EFBC}") = "RobertoGuardianMidterm", "RobertoGuardianMidterm\RobertoGuardianMidterm.csproj", "{5910F077-08E9-40FE-AB27-922B083A07E5}"
EndProject
Global
	GlobalSection(SolutionConfigurationPlatforms) = preSolution
		Debug|Any CPU = Debug|Any CPU
		Release|Any CPU = Release|Any CPU
	EndGlobalSection
	GlobalSection(ProjectConfigurationPlatforms) = postSolution
		{5910F077-08E9-40FE-AB27-922B083A07E5}.Debug|Any CPU.ActiveCfg = Debug|Any CPU
		{5910F077-08E9-40FE-AB27-922B083A07E5}.Debug|Any CPU.Build.0 = Debug|Any CPU
		{5910F077-08E9-40FE-AB27-922B083A07E5}.Release|Any CPU.ActiveCfg = Release|Any CPU
		{5910F077-08E9-40FE-AB27-922B083A07E5}.Release|Any CPU.Build.0 = Release|Any CPU
	EndGlobalSection
	GlobalSection(SolutionProperties) = preSolution
		HideSolutionNode = FALSE
	EndGlobalSection
	GlobalSection(ExtensibilityGlobals) = postSolution
		SolutionGuid = {2BC2023D-7058-4DEA-BA06-C7856F1F7CD7}
	EndGlobalSection
EndGlobal
